
Microsoft Visual Studio Solution File, Format Version 12.00
# Visual Studio Version 17
VisualStudioVersion = 17.8.34316.72
MinimumVisualStudioVersion = 10.0.40219.1
Project("{FAE04EC0-301F-11D3-BF4B-00C04F79EFBC}") = "OrderTotalCalculator.Api", "SalesTaxCalculatorApi\OrderTotalCalculator.Api.csproj", "{A6A546C3-C486-4537-A3A8-89C078690A8E}"
EndProject
Project("{FAE04EC0-301F-11D3-BF4B-00C04F79EFBC}") = "OrderTotalCalculator.Application", "..\SalesTaxCalculator.Application\OrderTotalCalculator.Application.csproj", "{110100DA-C9FB-4D60-8CC1-B1E4C9A629CF}"
EndProject
Project("{FAE04EC0-301F-11D3-BF4B-00C04F79EFBC}") = "OrderTotalCalculator.Contracts", "..\SalesTaxCalculator.Contracts\OrderTotalCalculator.Contracts.csproj", "{5FE2FBC2-D1A7-44F9-8EE8-28EB10DFF644}"
EndProject
Global
	GlobalSection(SolutionConfigurationPlatforms) = preSolution
		Debug|Any CPU = Debug|Any CPU
		Release|Any CPU = Release|Any CPU
	EndGlobalSection
	GlobalSection(ProjectConfigurationPlatforms) = postSolution
		{A6A546C3-C486-4537-A3A8-89C078690A8E}.Debug|Any CPU.ActiveCfg = Debug|Any CPU
		{A6A546C3-C486-4537-A3A8-89C078690A8E}.Debug|Any CPU.Build.0 = Debug|Any CPU
		{A6A546C3-C486-4537-A3A8-89C078690A8E}.Release|Any CPU.ActiveCfg = Release|Any CPU
		{A6A546C3-C486-4537-A3A8-89C078690A8E}.Release|Any CPU.Build.0 = Release|Any CPU
		{110100DA-C9FB-4D60-8CC1-B1E4C9A629CF}.Debug|Any CPU.ActiveCfg = Debug|Any CPU
		{110100DA-C9FB-4D60-8CC1-B1E4C9A629CF}.Debug|Any CPU.Build.0 = Debug|Any CPU
		{110100DA-C9FB-4D60-8CC1-B1E4C9A629CF}.Release|Any CPU.ActiveCfg = Release|Any CPU
		{110100DA-C9FB-4D60-8CC1-B1E4C9A629CF}.Release|Any CPU.Build.0 = Release|Any CPU
		{5FE2FBC2-D1A7-44F9-8EE8-28EB10DFF644}.Debug|Any CPU.ActiveCfg = Debug|Any CPU
		{5FE2FBC2-D1A7-44F9-8EE8-28EB10DFF644}.Debug|Any CPU.Build.0 = Debug|Any CPU
		{5FE2FBC2-D1A7-44F9-8EE8-28EB10DFF644}.Release|Any CPU.ActiveCfg = Release|Any CPU
		{5FE2FBC2-D1A7-44F9-8EE8-28EB10DFF644}.Release|Any CPU.Build.0 = Release|Any CPU
	EndGlobalSection
	GlobalSection(SolutionProperties) = preSolution
		HideSolutionNode = FALSE
	EndGlobalSection
	GlobalSection(ExtensibilityGlobals) = postSolution
		SolutionGuid = {EE0309EC-FC6C-4519-8E75-883831F7ED04}
	EndGlobalSection
EndGlobal
